
Microsoft Visual Studio Solution File, Format Version 12.00
# Visual Studio 2013
VisualStudioVersion = 12.0.31101.0
MinimumVisualStudioVersion = 10.0.40219.1
Project("{FAE04EC0-301F-11D3-BF4B-00C04F79EFBC}") = "Dental.WebAPI", "Dental.WebAPI\Dental.WebAPI.csproj", "{67A108B9-5A46-4C6C-AAA5-DAE11C4092B4}"
EndProject
Project("{FAE04EC0-301F-11D3-BF4B-00C04F79EFBC}") = "WebUI", "WebUI\WebUI.csproj", "{DE50BEE7-8659-4908-A100-084E7A4A748D}"
EndProject
Global
	GlobalSection(SolutionConfigurationPlatforms) = preSolution
		Debug|Any CPU = Debug|Any CPU
		Release|Any CPU = Release|Any CPU
	EndGlobalSection
	GlobalSection(ProjectConfigurationPlatforms) = postSolution
		{67A108B9-5A46-4C6C-AAA5-DAE11C4092B4}.Debug|Any CPU.ActiveCfg = Debug|Any CPU
		{67A108B9-5A46-4C6C-AAA5-DAE11C4092B4}.Debug|Any CPU.Build.0 = Debug|Any CPU
		{67A108B9-5A46-4C6C-AAA5-DAE11C4092B4}.Release|Any CPU.ActiveCfg = Release|Any CPU
		{67A108B9-5A46-4C6C-AAA5-DAE11C4092B4}.Release|Any CPU.Build.0 = Release|Any CPU
		{DE50BEE7-8659-4908-A100-084E7A4A748D}.Debug|Any CPU.ActiveCfg = Debug|Any CPU
		{DE50BEE7-8659-4908-A100-084E7A4A748D}.Debug|Any CPU.Build.0 = Debug|Any CPU
		{DE50BEE7-8659-4908-A100-084E7A4A748D}.Release|Any CPU.ActiveCfg = Release|Any CPU
		{DE50BEE7-8659-4908-A100-084E7A4A748D}.Release|Any CPU.Build.0 = Release|Any CPU
	EndGlobalSection
	GlobalSection(SolutionProperties) = preSolution
		HideSolutionNode = FALSE
	EndGlobalSection
EndGlobal
